
Microsoft Visual Studio Solution File, Format Version 12.00
# Visual Studio Version 16
VisualStudioVersion = 16.0.30907.101
MinimumVisualStudioVersion = 10.0.40219.1
Project("{FAE04EC0-301F-11D3-BF4B-00C04F79EFBC}") = "ChaoticLetters", "ChaoticLetters\ChaoticLetters.csproj", "{ECD6DF26-6218-4E3C-9828-3924661E61FC}"
EndProject
Global
	GlobalSection(SolutionConfigurationPlatforms) = preSolution
		Debug|Any CPU = Debug|Any CPU
		Release|Any CPU = Release|Any CPU
	EndGlobalSection
	GlobalSection(ProjectConfigurationPlatforms) = postSolution
		{ECD6DF26-6218-4E3C-9828-3924661E61FC}.Debug|Any CPU.ActiveCfg = Debug|Any CPU
		{ECD6DF26-6218-4E3C-9828-3924661E61FC}.Debug|Any CPU.Build.0 = Debug|Any CPU
		{ECD6DF26-6218-4E3C-9828-3924661E61FC}.Release|Any CPU.ActiveCfg = Release|Any CPU
		{ECD6DF26-6218-4E3C-9828-3924661E61FC}.Release|Any CPU.Build.0 = Release|Any CPU
	EndGlobalSection
	GlobalSection(SolutionProperties) = preSolution
		HideSolutionNode = FALSE
	EndGlobalSection
	GlobalSection(ExtensibilityGlobals) = postSolution
		SolutionGuid = {D299BE77-5291-4F86-B997-0A1A82D65176}
	EndGlobalSection
EndGlobal
